
Microsoft Visual Studio Solution File, Format Version 12.00
# Visual Studio Version 17
VisualStudioVersion = 17.11.35327.3
MinimumVisualStudioVersion = 10.0.40219.1
Project("{9A19103F-16F7-4668-BE54-9A1E7A4F7556}") = "BulkyBookWeb", "BulkyWeb\BulkyBookWeb.csproj", "{9F7690A3-EC71-496A-B0E4-5678B61F366A}"
EndProject
Project("{FAE04EC0-301F-11D3-BF4B-00C04F79EFBC}") = "BulkyBook.DataAccess", "Bulky.DataAccess\BulkyBook.DataAccess.csproj", "{CD2472C8-CA00-488C-9AA7-4FA9D9FF1018}"
EndProject
Project("{FAE04EC0-301F-11D3-BF4B-00C04F79EFBC}") = "BulkyBook.Models", "Bulky.Models\BulkyBook.Models.csproj", "{248393DA-6414-4FCC-BECE-4284E55A7A61}"
EndProject
Project("{FAE04EC0-301F-11D3-BF4B-00C04F79EFBC}") = "BulkyBook.Utility", "Bulky.Utility\BulkyBook.Utility.csproj", "{89DE5D9F-1BBF-4986-8B31-4A8BE14A3D2F}"
EndProject
Global
	GlobalSection(SolutionConfigurationPlatforms) = preSolution
		Debug|Any CPU = Debug|Any CPU
		Release|Any CPU = Release|Any CPU
	EndGlobalSection
	GlobalSection(ProjectConfigurationPlatforms) = postSolution
		{9F7690A3-EC71-496A-B0E4-5678B61F366A}.Debug|Any CPU.ActiveCfg = Debug|Any CPU
		{9F7690A3-EC71-496A-B0E4-5678B61F366A}.Debug|Any CPU.Build.0 = Debug|Any CPU
		{9F7690A3-EC71-496A-B0E4-5678B61F366A}.Release|Any CPU.ActiveCfg = Release|Any CPU
		{9F7690A3-EC71-496A-B0E4-5678B61F366A}.Release|Any CPU.Build.0 = Release|Any CPU
		{CD2472C8-CA00-488C-9AA7-4FA9D9FF1018}.Debug|Any CPU.ActiveCfg = Debug|Any CPU
		{CD2472C8-CA00-488C-9AA7-4FA9D9FF1018}.Debug|Any CPU.Build.0 = Debug|Any CPU
		{CD2472C8-CA00-488C-9AA7-4FA9D9FF1018}.Release|Any CPU.ActiveCfg = Release|Any CPU
		{CD2472C8-CA00-488C-9AA7-4FA9D9FF1018}.Release|Any CPU.Build.0 = Release|Any CPU
		{248393DA-6414-4FCC-BECE-4284E55A7A61}.Debug|Any CPU.ActiveCfg = Debug|Any CPU
		{248393DA-6414-4FCC-BECE-4284E55A7A61}.Debug|Any CPU.Build.0 = Debug|Any CPU
		{248393DA-6414-4FCC-BECE-4284E55A7A61}.Release|Any CPU.ActiveCfg = Release|Any CPU
		{248393DA-6414-4FCC-BECE-4284E55A7A61}.Release|Any CPU.Build.0 = Release|Any CPU
		{89DE5D9F-1BBF-4986-8B31-4A8BE14A3D2F}.Debug|Any CPU.ActiveCfg = Debug|Any CPU
		{89DE5D9F-1BBF-4986-8B31-4A8BE14A3D2F}.Debug|Any CPU.Build.0 = Debug|Any CPU
		{89DE5D9F-1BBF-4986-8B31-4A8BE14A3D2F}.Release|Any CPU.ActiveCfg = Release|Any CPU
		{89DE5D9F-1BBF-4986-8B31-4A8BE14A3D2F}.Release|Any CPU.Build.0 = Release|Any CPU
	EndGlobalSection
	GlobalSection(SolutionProperties) = preSolution
		HideSolutionNode = FALSE
	EndGlobalSection
	GlobalSection(ExtensibilityGlobals) = postSolution
		SolutionGuid = {0C05CD3F-D2F0-4638-8221-AC23DF6FB9C4}
	EndGlobalSection
EndGlobal
